{
  "name": "mezr-cjs-test",
  "version": "1.0.0",
  "lockfileVersion": 3,
  "requires": true,
  "packages": {
    "": {
      "name": "mezr-cjs-test",
      "version": "1.0.0",
      "dependencies": {
        "mezr": "file:../../.."
      }
    },
    "..": {
      "version": "1.0.0-alpha",
      "extraneous": true,
      "license": "MIT",
      "devDependencies": {
        "@rollup/plugin-typescript": "11.1.4",
        "@types/chai": "4.3.6",
        "@types/mocha": "10.0.2",
        "chai": "4.3.10",
        "csstype": "3.1.2",
        "del-cli": "5.1.0",
        "dotenv": "16.3.1",
        "gzip-size-cli": "5.1.0",
        "karma": "6.4.2",
        "karma-browserstack-launcher": "1.6.0",
        "karma-chrome-launcher": "3.2.0",
        "karma-firefox-launcher": "2.1.2",
        "karma-mocha": "2.0.1",
        "karma-mocha-reporter": "2.2.5",
        "mocha": "10.2.0",
        "prettier": "3.0.3",
        "rollup": "3.29.4",
        "rollup-plugin-dts": "6.0.2",
        "terser": "5.20.0",
        "tslib": "2.6.2",
        "typescript": "5.2.2"
      }
    },
    "../../..": {
      "version": "1.0.0-alpha",
      "license": "MIT",
      "devDependencies": {
        "@rollup/plugin-typescript": "11.1.4",
        "@types/chai": "4.3.6",
        "@types/mocha": "10.0.2",
        "chai": "4.3.10",
        "csstype": "3.1.2",
        "del-cli": "5.1.0",
        "dotenv": "16.3.1",
        "gzip-size-cli": "5.1.0",
        "karma": "6.4.2",
        "karma-browserstack-launcher": "1.6.0",
        "karma-chrome-launcher": "3.2.0",
        "karma-firefox-launcher": "2.1.2",
        "karma-mocha": "2.0.1",
        "karma-mocha-reporter": "2.2.5",
        "mocha": "10.2.0",
        "prettier": "3.0.3",
        "rollup": "3.29.4",
        "rollup-plugin-dts": "6.0.2",
        "terser": "5.20.0",
        "tslib": "2.6.2",
        "typescript": "5.2.2"
      }
    },
    "node_modules/mezr": {
      "resolved": "../../..",
      "link": true
    }
  }
}
